{
    "name": "changelogr",
    "version": "1.0.14",
    "lockfileVersion": 3,
    "requires": true,
    "packages": {
        "": {
            "name": "changelogr",
            "version": "1.0.14",
            "license": "MIT",
            "dependencies": {
                "dotenv": "^17.2.1"
            }
        }
    }
}
